
Microsoft Visual Studio Solution File, Format Version 12.00
# Visual Studio 15
VisualStudioVersion = 15.0.28010.2048
MinimumVisualStudioVersion = 10.0.40219.1
Project("{FAE04EC0-301F-11D3-BF4B-00C04F79EFBC}") = "E-Shop", "E-Shop\E-Shop.csproj", "{CE4E7005-6F18-4B35-B2CA-0D7103DD48EF}"
EndProject
Project("{FAE04EC0-301F-11D3-BF4B-00C04F79EFBC}") = "E-Shop.Data", "E-Shop.Data\E-Shop.Data.csproj", "{39A3A238-B8F3-437D-83C1-AD2C745822E2}"
EndProject
Project("{FAE04EC0-301F-11D3-BF4B-00C04F79EFBC}") = "E-Shop.Business", "E-Shop.Business\E-Shop.Business.csproj", "{2381081E-A804-4384-B5B2-419E2F4D0570}"
EndProject
Global
	GlobalSection(SolutionConfigurationPlatforms) = preSolution
		Debug|Any CPU = Debug|Any CPU
		Release|Any CPU = Release|Any CPU
	EndGlobalSection
	GlobalSection(ProjectConfigurationPlatforms) = postSolution
		{CE4E7005-6F18-4B35-B2CA-0D7103DD48EF}.Debug|Any CPU.ActiveCfg = Debug|Any CPU
		{CE4E7005-6F18-4B35-B2CA-0D7103DD48EF}.Debug|Any CPU.Build.0 = Debug|Any CPU
		{CE4E7005-6F18-4B35-B2CA-0D7103DD48EF}.Release|Any CPU.ActiveCfg = Release|Any CPU
		{CE4E7005-6F18-4B35-B2CA-0D7103DD48EF}.Release|Any CPU.Build.0 = Release|Any CPU
		{39A3A238-B8F3-437D-83C1-AD2C745822E2}.Debug|Any CPU.ActiveCfg = Debug|Any CPU
		{39A3A238-B8F3-437D-83C1-AD2C745822E2}.Debug|Any CPU.Build.0 = Debug|Any CPU
		{39A3A238-B8F3-437D-83C1-AD2C745822E2}.Release|Any CPU.ActiveCfg = Release|Any CPU
		{39A3A238-B8F3-437D-83C1-AD2C745822E2}.Release|Any CPU.Build.0 = Release|Any CPU
		{2381081E-A804-4384-B5B2-419E2F4D0570}.Debug|Any CPU.ActiveCfg = Debug|Any CPU
		{2381081E-A804-4384-B5B2-419E2F4D0570}.Debug|Any CPU.Build.0 = Debug|Any CPU
		{2381081E-A804-4384-B5B2-419E2F4D0570}.Release|Any CPU.ActiveCfg = Release|Any CPU
		{2381081E-A804-4384-B5B2-419E2F4D0570}.Release|Any CPU.Build.0 = Release|Any CPU
	EndGlobalSection
	GlobalSection(SolutionProperties) = preSolution
		HideSolutionNode = FALSE
	EndGlobalSection
	GlobalSection(ExtensibilityGlobals) = postSolution
		SolutionGuid = {E967847D-B04A-432D-84AF-60302B855866}
	EndGlobalSection
EndGlobal
